
Microsoft Visual Studio Solution File, Format Version 11.00
# Visual Studio 2010
Project("{FAE04EC0-301F-11D3-BF4B-00C04F79EFBC}") = "ASP_AJAX", "ASP_AJAX\ASP_AJAX.csproj", "{765AF221-43BA-4EC1-95C6-26D820D0150B}"
EndProject
Global
	GlobalSection(SolutionConfigurationPlatforms) = preSolution
		Debug|Any CPU = Debug|Any CPU
		Release|Any CPU = Release|Any CPU
	EndGlobalSection
	GlobalSection(ProjectConfigurationPlatforms) = postSolution
		{765AF221-43BA-4EC1-95C6-26D820D0150B}.Debug|Any CPU.ActiveCfg = Debug|Any CPU
		{765AF221-43BA-4EC1-95C6-26D820D0150B}.Debug|Any CPU.Build.0 = Debug|Any CPU
		{765AF221-43BA-4EC1-95C6-26D820D0150B}.Release|Any CPU.ActiveCfg = Release|Any CPU
		{765AF221-43BA-4EC1-95C6-26D820D0150B}.Release|Any CPU.Build.0 = Release|Any CPU
	EndGlobalSection
	GlobalSection(SolutionProperties) = preSolution
		HideSolutionNode = FALSE
	EndGlobalSection
EndGlobal
