
Microsoft Visual Studio Solution File, Format Version 12.00
# Visual Studio 2013
VisualStudioVersion = 12.0.30501.0
MinimumVisualStudioVersion = 10.0.40219.1
Project("{FAE04EC0-301F-11D3-BF4B-00C04F79EFBC}") = "SmartMusic", "SmartMusic\SmartMusic.csproj", "{10EE589B-9A5A-445E-95E2-7E38555FB7F2}"
EndProject
Project("{2150E333-8FDC-42A3-9474-1A3956D46DE8}") = "Presentation Layer", "Presentation Layer", "{B81C38C6-04A5-4B24-AC9D-269683105C07}"
EndProject
Project("{FAE04EC0-301F-11D3-BF4B-00C04F79EFBC}") = "SmartMusic.UILogic", "SmartMusic.UILogic\SmartMusic.UILogic.csproj", "{F68CFFD6-A33B-4F23-BA50-9BA6568BE937}"
EndProject
Project("{FAE04EC0-301F-11D3-BF4B-00C04F79EFBC}") = "SmartMusic.Core", "SmartMusic.Core\SmartMusic.Core.csproj", "{C3E95007-A7BE-47E4-A42C-5F16CE84EEBF}"
EndProject
Project("{FAE04EC0-301F-11D3-BF4B-00C04F79EFBC}") = "SmartMusic.BackgroundTasks", "BackgroundTaskSample\SmartMusic.BackgroundTasks.csproj", "{180306E3-3DE1-4341-9663-E68D70B52E03}"
EndProject
Global
	GlobalSection(SolutionConfigurationPlatforms) = preSolution
		Debug|Any CPU = Debug|Any CPU
		Debug|ARM = Debug|ARM
		Debug|x86 = Debug|x86
		Release|Any CPU = Release|Any CPU
		Release|ARM = Release|ARM
		Release|x86 = Release|x86
	EndGlobalSection
	GlobalSection(ProjectConfigurationPlatforms) = postSolution
		{10EE589B-9A5A-445E-95E2-7E38555FB7F2}.Debug|Any CPU.ActiveCfg = Debug|Any CPU
		{10EE589B-9A5A-445E-95E2-7E38555FB7F2}.Debug|Any CPU.Build.0 = Debug|Any CPU
		{10EE589B-9A5A-445E-95E2-7E38555FB7F2}.Debug|Any CPU.Deploy.0 = Debug|Any CPU
		{10EE589B-9A5A-445E-95E2-7E38555FB7F2}.Debug|ARM.ActiveCfg = Debug|ARM
		{10EE589B-9A5A-445E-95E2-7E38555FB7F2}.Debug|ARM.Build.0 = Debug|ARM
		{10EE589B-9A5A-445E-95E2-7E38555FB7F2}.Debug|ARM.Deploy.0 = Debug|ARM
		{10EE589B-9A5A-445E-95E2-7E38555FB7F2}.Debug|x86.ActiveCfg = Debug|x86
		{10EE589B-9A5A-445E-95E2-7E38555FB7F2}.Debug|x86.Build.0 = Debug|x86
		{10EE589B-9A5A-445E-95E2-7E38555FB7F2}.Debug|x86.Deploy.0 = Debug|x86
		{10EE589B-9A5A-445E-95E2-7E38555FB7F2}.Release|Any CPU.ActiveCfg = Release|Any CPU
		{10EE589B-9A5A-445E-95E2-7E38555FB7F2}.Release|Any CPU.Build.0 = Release|Any CPU
		{10EE589B-9A5A-445E-95E2-7E38555FB7F2}.Release|Any CPU.Deploy.0 = Release|Any CPU
		{10EE589B-9A5A-445E-95E2-7E38555FB7F2}.Release|ARM.ActiveCfg = Release|ARM
		{10EE589B-9A5A-445E-95E2-7E38555FB7F2}.Release|ARM.Build.0 = Release|ARM
		{10EE589B-9A5A-445E-95E2-7E38555FB7F2}.Release|ARM.Deploy.0 = Release|ARM
		{10EE589B-9A5A-445E-95E2-7E38555FB7F2}.Release|x86.ActiveCfg = Release|x86
		{10EE589B-9A5A-445E-95E2-7E38555FB7F2}.Release|x86.Build.0 = Release|x86
		{10EE589B-9A5A-445E-95E2-7E38555FB7F2}.Release|x86.Deploy.0 = Release|x86
		{F68CFFD6-A33B-4F23-BA50-9BA6568BE937}.Debug|Any CPU.ActiveCfg = Debug|Any CPU
		{F68CFFD6-A33B-4F23-BA50-9BA6568BE937}.Debug|Any CPU.Build.0 = Debug|Any CPU
		{F68CFFD6-A33B-4F23-BA50-9BA6568BE937}.Debug|ARM.ActiveCfg = Debug|ARM
		{F68CFFD6-A33B-4F23-BA50-9BA6568BE937}.Debug|ARM.Build.0 = Debug|ARM
		{F68CFFD6-A33B-4F23-BA50-9BA6568BE937}.Debug|x86.ActiveCfg = Debug|x86
		{F68CFFD6-A33B-4F23-BA50-9BA6568BE937}.Debug|x86.Build.0 = Debug|x86
		{F68CFFD6-A33B-4F23-BA50-9BA6568BE937}.Release|Any CPU.ActiveCfg = Release|Any CPU
		{F68CFFD6-A33B-4F23-BA50-9BA6568BE937}.Release|Any CPU.Build.0 = Release|Any CPU
		{F68CFFD6-A33B-4F23-BA50-9BA6568BE937}.Release|ARM.ActiveCfg = Release|ARM
		{F68CFFD6-A33B-4F23-BA50-9BA6568BE937}.Release|ARM.Build.0 = Release|ARM
		{F68CFFD6-A33B-4F23-BA50-9BA6568BE937}.Release|x86.ActiveCfg = Release|x86
		{F68CFFD6-A33B-4F23-BA50-9BA6568BE937}.Release|x86.Build.0 = Release|x86
		{C3E95007-A7BE-47E4-A42C-5F16CE84EEBF}.Debug|Any CPU.ActiveCfg = Debug|Any CPU
		{C3E95007-A7BE-47E4-A42C-5F16CE84EEBF}.Debug|Any CPU.Build.0 = Debug|Any CPU
		{C3E95007-A7BE-47E4-A42C-5F16CE84EEBF}.Debug|ARM.ActiveCfg = Debug|ARM
		{C3E95007-A7BE-47E4-A42C-5F16CE84EEBF}.Debug|ARM.Build.0 = Debug|ARM
		{C3E95007-A7BE-47E4-A42C-5F16CE84EEBF}.Debug|x86.ActiveCfg = Debug|x86
		{C3E95007-A7BE-47E4-A42C-5F16CE84EEBF}.Debug|x86.Build.0 = Debug|x86
		{C3E95007-A7BE-47E4-A42C-5F16CE84EEBF}.Release|Any CPU.ActiveCfg = Release|Any CPU
		{C3E95007-A7BE-47E4-A42C-5F16CE84EEBF}.Release|Any CPU.Build.0 = Release|Any CPU
		{C3E95007-A7BE-47E4-A42C-5F16CE84EEBF}.Release|ARM.ActiveCfg = Release|ARM
		{C3E95007-A7BE-47E4-A42C-5F16CE84EEBF}.Release|ARM.Build.0 = Release|ARM
		{C3E95007-A7BE-47E4-A42C-5F16CE84EEBF}.Release|x86.ActiveCfg = Release|x86
		{C3E95007-A7BE-47E4-A42C-5F16CE84EEBF}.Release|x86.Build.0 = Release|x86
		{180306E3-3DE1-4341-9663-E68D70B52E03}.Debug|Any CPU.ActiveCfg = Debug|Any CPU
		{180306E3-3DE1-4341-9663-E68D70B52E03}.Debug|Any CPU.Build.0 = Debug|Any CPU
		{180306E3-3DE1-4341-9663-E68D70B52E03}.Debug|ARM.ActiveCfg = Debug|ARM
		{180306E3-3DE1-4341-9663-E68D70B52E03}.Debug|ARM.Build.0 = Debug|ARM
		{180306E3-3DE1-4341-9663-E68D70B52E03}.Debug|x86.ActiveCfg = Debug|x86
		{180306E3-3DE1-4341-9663-E68D70B52E03}.Debug|x86.Build.0 = Debug|x86
		{180306E3-3DE1-4341-9663-E68D70B52E03}.Release|Any CPU.ActiveCfg = Release|Any CPU
		{180306E3-3DE1-4341-9663-E68D70B52E03}.Release|Any CPU.Build.0 = Release|Any CPU
		{180306E3-3DE1-4341-9663-E68D70B52E03}.Release|ARM.ActiveCfg = Release|ARM
		{180306E3-3DE1-4341-9663-E68D70B52E03}.Release|ARM.Build.0 = Release|ARM
		{180306E3-3DE1-4341-9663-E68D70B52E03}.Release|x86.ActiveCfg = Release|x86
		{180306E3-3DE1-4341-9663-E68D70B52E03}.Release|x86.Build.0 = Release|x86
	EndGlobalSection
	GlobalSection(SolutionProperties) = preSolution
		HideSolutionNode = FALSE
	EndGlobalSection
	GlobalSection(NestedProjects) = preSolution
		{10EE589B-9A5A-445E-95E2-7E38555FB7F2} = {B81C38C6-04A5-4B24-AC9D-269683105C07}
		{F68CFFD6-A33B-4F23-BA50-9BA6568BE937} = {B81C38C6-04A5-4B24-AC9D-269683105C07}
	EndGlobalSection
EndGlobal
